
Microsoft Visual Studio Solution File, Format Version 12.00
# Visual Studio Version 16
VisualStudioVersion = 16.0.31321.278
MinimumVisualStudioVersion = 10.0.40219.1
Project("{FAE04EC0-301F-11D3-BF4B-00C04F79EFBC}") = "GitProject", "GitProject\GitProject.csproj", "{8541FB27-C7DA-4A99-BD42-A0BBADE5CCDE}"
EndProject
Global
	GlobalSection(SolutionConfigurationPlatforms) = preSolution
		Debug|Any CPU = Debug|Any CPU
		Release|Any CPU = Release|Any CPU
	EndGlobalSection
	GlobalSection(ProjectConfigurationPlatforms) = postSolution
		{8541FB27-C7DA-4A99-BD42-A0BBADE5CCDE}.Debug|Any CPU.ActiveCfg = Debug|Any CPU
		{8541FB27-C7DA-4A99-BD42-A0BBADE5CCDE}.Debug|Any CPU.Build.0 = Debug|Any CPU
		{8541FB27-C7DA-4A99-BD42-A0BBADE5CCDE}.Release|Any CPU.ActiveCfg = Release|Any CPU
		{8541FB27-C7DA-4A99-BD42-A0BBADE5CCDE}.Release|Any CPU.Build.0 = Release|Any CPU
	EndGlobalSection
	GlobalSection(SolutionProperties) = preSolution
		HideSolutionNode = FALSE
	EndGlobalSection
	GlobalSection(ExtensibilityGlobals) = postSolution
		SolutionGuid = {9BDD49EE-CCE1-4727-9CAB-773B2EBDC8F4}
	EndGlobalSection
EndGlobal
